
Microsoft Visual Studio Solution File, Format Version 12.00
# Visual Studio Version 17
VisualStudioVersion = 17.5.002.0
MinimumVisualStudioVersion = 10.0.40219.1
Project("{9A19103F-16F7-4668-BE54-9A1E7A4F7556}") = "CarRentalPlatform", "CarRentalPlatform.csproj", "{B45B527C-B10C-4CBA-8AD0-AF25C6924246}"
EndProject
Global
	GlobalSection(SolutionConfigurationPlatforms) = preSolution
		Debug|Any CPU = Debug|Any CPU
		Release|Any CPU = Release|Any CPU
	EndGlobalSection
	GlobalSection(ProjectConfigurationPlatforms) = postSolution
		{B45B527C-B10C-4CBA-8AD0-AF25C6924246}.Debug|Any CPU.ActiveCfg = Debug|Any CPU
		{B45B527C-B10C-4CBA-8AD0-AF25C6924246}.Debug|Any CPU.Build.0 = Debug|Any CPU
		{B45B527C-B10C-4CBA-8AD0-AF25C6924246}.Release|Any CPU.ActiveCfg = Release|Any CPU
		{B45B527C-B10C-4CBA-8AD0-AF25C6924246}.Release|Any CPU.Build.0 = Release|Any CPU
	EndGlobalSection
	GlobalSection(SolutionProperties) = preSolution
		HideSolutionNode = FALSE
	EndGlobalSection
	GlobalSection(ExtensibilityGlobals) = postSolution
		SolutionGuid = {96BBE0B8-1D38-47FB-AD25-90ACD73E2117}
	EndGlobalSection
EndGlobal
